# this file is automatically generated; do not edit by hand.

[dep.mach-std]
url = "https://github.com/briar-systems/mach-std"
ref = "tag/v0.28.2"
commit = "61fe87b7ba1598b47e0228a61adf554031a33de2"

[dep.mach-crypto]
url = "https://github.com/briar-systems/mach-crypto"
ref = "tag/v0.1.0"
commit = "d2c31fb963b9013824f36daa7d0c5e13fdf00a46"
