# this file is automatically generated; do not edit by hand.

[dep.mach-std]
url = "https://github.com/briar-systems/mach-std"
ref = "tag/v0.34.0"
commit = "2f0a0f9cc73edc5f4e31d6c90ab445dfaf79ddb4"

[dep.mach-crypto]
url = "https://github.com/briar-systems/mach-crypto"
ref = "tag/v0.8.2"
commit = "84a1f60e370d76246bde114b2adbc78698a79ffa"
