# this file is automatically generated; do not edit by hand.

[dep.mach-std]
url = "https://github.com/briar-systems/mach-std"
ref = "tag/v0.29.0"
commit = "92a8c1b4f598f218949ad559b4ba22ea820d9b0f"

[dep.mach-crypto]
url = "https://github.com/briar-systems/mach-crypto"
ref = "tag/v0.5.0"
commit = "c47de5c8a9a31d58e912a24950a02993a43ae798"
