# this file is automatically generated; do not edit by hand.

[dep.mach-std]
url = "https://github.com/briar-systems/mach-std"
ref = "tag/v0.33.0"
commit = "d2f08352acaac3169e823335ab4ef1e8ce632abb"

[dep.mach-crypto]
url = "https://github.com/briar-systems/mach-crypto"
ref = "tag/v0.6.0"
commit = "4d23006514994b3e217b30031c1c5ba711ba0624"
